// !$*UTF8*$!
{
	archiveVersion = 1;
	classes = {
	};
	objectVersion = 46;
	objects = {

/* Begin PBXBuildFile section */
		613CA3391561501900946A9C /* UIKit.framework in Frameworks */ = {isa = PBXBuildFile; fileRef = 613CA3381561501900946A9C /* UIKit.framework */; };
		613CA33B1561501900946A9C /* Foundation.framework in Frameworks */ = {isa = PBXBuildFile; fileRef = 613CA33A1561501900946A9C /* Foundation.framework */; };
		613CA33D1561501900946A9C /* CoreGraphics.framework in Frameworks */ = {isa = PBXBuildFile; fileRef = 613CA33C1561501900946A9C /* CoreGraphics.framework */; };
		613CA3431561501900946A9C /* InfoPlist.strings in Resources */ = {isa = PBXBuildFile; fileRef = 613CA3411561501900946A9C /* InfoPlist.strings */; };
		613CA3451561501900946A9C /* main.m in Sources */ = {isa = PBXBuildFile; fileRef = 613CA3441561501900946A9C /* main.m */; };
		613CA3491561501900946A9C /* PhotoAppAppDelegate.m in Sources */ = {isa = PBXBuildFile; fileRef = 613CA3481561501900946A9C /* PhotoAppAppDelegate.m */; };
/* End PBXBuildFile section */

/* Begin PBXFileReference section */
		613CA3341561501900946A9C /* PhotoApp.app */ = {isa = PBXFileReference; explicitFileType = wrapper.application; includeInIndex = 0; path = PhotoApp.app; sourceTree = BUILT_PRODUCTS_DIR; };
		613CA3381561501900946A9C /* UIKit.framework */ = {isa = PBXFileReference; lastKnownFileType = wrapper.framework; name = UIKit.framework; path = System/Library/Frameworks/UIKit.framework; sourceTree = SDKROOT; };
		613CA33A1561501900946A9C /* Foundation.framework */ = {isa = PBXFileReference; lastKnownFileType = wrapper.framework; name = Foundation.framework; path = System/Library/Frameworks/Foundation.framework; sourceTree = SDKROOT; };
		613CA33C1561501900946A9C /* CoreGraphics.framework */ = {isa = PBXFileReference; lastKnownFileType = wrapper.framework; name = CoreGraphics.framework; path = System/Library/Frameworks/CoreGraphics.framework; sourceTree = SDKROOT; };
		613CA3401561501900946A9C /* PhotoApp-Info.plist */ = {isa = PBXFileReference; path = "PhotoApp-Info.plist"; sourceTree = "<group>"; };
		613CA3421561501900946A9C /* en */ = {isa = PBXFileReference; lastKnownFileType = text.plist.strings; name = en; path = en.lproj/InfoPlist.strings; sourceTree = "<group>"; };
		613CA3441561501900946A9C /* main.m */ = {isa = PBXFileReference; lastKnownFileType = sourcecode.c.objc; path = main.m; sourceTree = "<group>"; };
		613CA3461561501900946A9C /* PhotoApp-Prefix.pch */ = {isa = PBXFileReference; path = "PhotoApp-Prefix.pch"; sourceTree = "<group>"; };
		613CA3471561501900946A9C /* PhotoAppAppDelegate.h */ = {isa = PBXFileReference; path = PhotoAppAppDelegate.h; sourceTree = "<group>"; };
		613CA3481561501900946A9C /* PhotoAppAppDelegate.m */ = {isa = PBXFileReference; lastKnownFileType = sourcecode.c.objc; path = PhotoAppAppDelegate.m; sourceTree = "<group>"; };
/* End PBXFileReference section */

/* Begin PBXFrameworksBuildPhase section */
		613CA3311561501900946A9C /* Frameworks */ = {
			isa = PBXFrameworksBuildPhase;
			buildActionMask = 2147483647;
			files = (
				613CA3391561501900946A9C /* UIKit.framework in Frameworks */,
				613CA33B1561501900946A9C /* Foundation.framework in Frameworks */,
				613CA33D1561501900946A9C /* CoreGraphics.framework in Frameworks */,
			);
			runOnlyForDeploymentPostprocessing = 0;
		};
/* End PBXFrameworksBuildPhase section */

/* Begin PBXGroup section */
		613CA3291561501800946A9C = {
			isa = PBXGroup;
			children = (
				613CA33E1561501900946A9C /* PhotoApp */,
				613CA3371561501900946A9C /* Frameworks */,
				613CA3351561501900946A9C /* Products */,
			);
			sourceTree = "<group>";
		};
		613CA3351561501900946A9C /* Products */ = {
			isa = PBXGroup;
			children = (
				613CA3341561501900946A9C /* PhotoApp.app */,
			);
			name = Products;
			sourceTree = "<group>";
		};
		613CA3371561501900946A9C /* Frameworks */ = {
			isa = PBXGroup;
			children = (
				613CA3381561501900946A9C /* UIKit.framework */,
				613CA33A1561501900946A9C /* Foundation.framework */,
				613CA33C1561501900946A9C /* CoreGraphics.framework */,
			);
			name = Frameworks;
			sourceTree = "<group>";
		};
		613CA33E1561501900946A9C /* PhotoApp */ = {
			isa = PBXGroup;
			children = (
				613CA3471561501900946A9C /* PhotoAppAppDelegate.h */,
				613CA3481561501900946A9C /* PhotoAppAppDelegate.m */,
				613CA33F1561501900946A9C /* Supporting Files */,
			);
			path = PhotoApp;
			sourceTree = "<group>";
		};
		613CA33F1561501900946A9C /* Supporting Files */ = {
			isa = PBXGroup;
			children = (
				613CA3401561501900946A9C /* PhotoApp-Info.plist */,
				613CA3411561501900946A9C /* InfoPlist.strings */,
				613CA3441561501900946A9C /* main.m */,
				613CA3461561501900946A9C /* PhotoApp-Prefix.pch */,
			);
			name = "Supporting Files";
			sourceTree = "<group>";
		};
/* End PBXGroup section */

/* Begin PBXNativeTarget section */
		613CA3331561501900946A9C /* PhotoApp */ = {
			isa = PBXNativeTarget;
			buildConfigurationList = 613CA34C1561501900946A9C /* Build configuration list for PBXNativeTarget "PhotoApp" */;
			buildPhases = (
				613CA3301561501900946A9C /* Sources */,
				613CA3311561501900946A9C /* Frameworks */,
				613CA3321561501900946A9C /* Resources */,
			);
			buildRules = (
			);
			dependencies = (
			);
			name = PhotoApp;
			productName = PhotoApp;
			productReference = 613CA3341561501900946A9C /* PhotoApp.app */;
			productType = "com.apple.product-type.application";
		};
/* End PBXNativeTarget section */

/* Begin PBXProject section */
		613CA32B1561501800946A9C /* Project object */ = {
			isa = PBXProject;
			attributes = {
				LastUpgradeCheck = 0420;
			};
			buildConfigurationList = 613CA32E1561501800946A9C /* Build configuration list for PBXProject "PhotoApp" */;
			compatibilityVersion = "Xcode 3.2";
			developmentRegion = English;
			hasScannedForEncodings = 0;
			knownRegions = (
				en,
			);
			mainGroup = 613CA3291561501800946A9C;
			productRefGroup = 613CA3351561501900946A9C /* Products */;
			projectDirPath = "";
			projectRoot = "";
			targets = (
				613CA3331561501900946A9C /* PhotoApp */,
			);
		};
/* End PBXProject section */

/* Begin PBXResourcesBuildPhase section */
		613CA3321561501900946A9C /* Resources */ = {
			isa = PBXResourcesBuildPhase;
			buildActionMask = 2147483647;
			files = (
				613CA3431561501900946A9C /* InfoPlist.strings in Resources */,
			);
			runOnlyForDeploymentPostprocessing = 0;
		};
/* End PBXResourcesBuildPhase section */

/* Begin PBXSourcesBuildPhase section */
		613CA3301561501900946A9C /* Sources */ = {
			isa = PBXSourcesBuildPhase;
			buildActionMask = 2147483647;
			files = (
				613CA3451561501900946A9C /* main.m in Sources */,
				613CA3491561501900946A9C /* PhotoAppAppDelegate.m in Sources */,
			);
			runOnlyForDeploymentPostprocessing = 0;
		};
/* End PBXSourcesBuildPhase section */

/* Begin PBXVariantGroup section */
		613CA3411561501900946A9C /* InfoPlist.strings */ = {
			isa = PBXVariantGroup;
			children = (
				613CA3421561501900946A9C /* en */,
			);
			name = InfoPlist.strings;
			sourceTree = "<group>";
		};
/* End PBXVariantGroup section */

/* Begin XCBuildConfiguration section */
		613CA34A1561501900946A9C /* Debug */ = {
			isa = XCBuildConfiguration;
			buildSettings = {
				ALWAYS_SEARCH_USER_PATHS = NO;
				ARCHS = "$(ARCHS_STANDARD_32_BIT)";
				"CODE_SIGN_IDENTITY[sdk=iphoneos*]" = "iPhone Developer";
				COPY_PHASE_STRIP = NO;
				GCC_C_LANGUAGE_STANDARD = gnu99;
				GCC_DYNAMIC_NO_PIC = NO;
				GCC_OPTIMIZATION_LEVEL = 0;
				GCC_PREPROCESSOR_DEFINITIONS = (
					"DEBUG=1",
					"$(inherited)",
				);
				GCC_SYMBOLS_PRIVATE_EXTERN = NO;
				GCC_VERSION = com.apple.compilers.llvm.clang.1_0;
				GCC_WARN_ABOUT_MISSING_PROTOTYPES = YES;
				GCC_WARN_ABOUT_RETURN_TYPE = YES;
				GCC_WARN_UNUSED_VARIABLE = YES;
				IPHONEOS_DEPLOYMENT_TARGET = 5.0;
				SDKROOT = iphoneos;
			};
			name = Debug;
		};
		613CA34B1561501900946A9C /* Release */ = {
			isa = XCBuildConfiguration;
			buildSettings = {
				ALWAYS_SEARCH_USER_PATHS = NO;
				ARCHS = "$(ARCHS_STANDARD_32_BIT)";
				"CODE_SIGN_IDENTITY[sdk=iphoneos*]" = "iPhone Developer";
				COPY_PHASE_STRIP = YES;
				GCC_C_LANGUAGE_STANDARD = gnu99;
				GCC_VERSION = com.apple.compilers.llvm.clang.1_0;
				GCC_WARN_ABOUT_MISSING_PROTOTYPES = YES;
				GCC_WARN_ABOUT_RETURN_TYPE = YES;
				GCC_WARN_UNUSED_VARIABLE = YES;
				IPHONEOS_DEPLOYMENT_TARGET = 5.0;
				OTHER_CFLAGS = "-DNS_BLOCK_ASSERTIONS=1";
				SDKROOT = iphoneos;
				VALIDATE_PRODUCT = YES;
			};
			name = Release;
		};
		613CA34D1561501900946A9C /* Debug */ = {
			isa = XCBuildConfiguration;
			buildSettings = {
				GCC_PRECOMPILE_PREFIX_HEADER = YES;
				GCC_PREFIX_HEADER = "PhotoApp/PhotoApp-Prefix.pch";
				INFOPLIST_FILE = "PhotoApp/PhotoApp-Info.plist";
				PRODUCT_NAME = "$(TARGET_NAME)";
				WRAPPER_EXTENSION = app;
			};
			name = Debug;
		};
		613CA34E1561501900946A9C /* Release */ = {
			isa = XCBuildConfiguration;
			buildSettings = {
				GCC_PRECOMPILE_PREFIX_HEADER = YES;
				GCC_PREFIX_HEADER = "PhotoApp/PhotoApp-Prefix.pch";
				INFOPLIST_FILE = "PhotoApp/PhotoApp-Info.plist";
				PRODUCT_NAME = "$(TARGET_NAME)";
				WRAPPER_EXTENSION = app;
			};
			name = Release;
		};
/* End XCBuildConfiguration section */

/* Begin XCConfigurationList section */
		613CA32E1561501800946A9C /* Build configuration list for PBXProject "PhotoApp" */ = {
			isa = XCConfigurationList;
			buildConfigurations = (
				613CA34A1561501900946A9C /* Debug */,
				613CA34B1561501900946A9C /* Release */,
			);
			defaultConfigurationIsVisible = 0;
			defaultConfigurationName = Release;
		};
		613CA34C1561501900946A9C /* Build configuration list for PBXNativeTarget "PhotoApp" */ = {
			isa = XCConfigurationList;
			buildConfigurations = (
				613CA34D1561501900946A9C /* Debug */,
				613CA34E1561501900946A9C /* Release */,
			);
			defaultConfigurationIsVisible = 0;
		};
/* End XCConfigurationList section */
	};
	rootObject = 613CA32B1561501800946A9C /* Project object */;
}
